
Microsoft Visual Studio Solution File, Format Version 12.00
# Visual Studio Version 17
VisualStudioVersion = 17.0.31611.283
MinimumVisualStudioVersion = 10.0.40219.1
Project("{9A19103F-16F7-4668-BE54-9A1E7A4F7556}") = "GUI", "GUI\GUI.csproj", "{4931FF03-5D8A-4BC0-9B52-F521D4172C57}"
EndProject
Project("{FAE04EC0-301F-11D3-BF4B-00C04F79EFBC}") = "GymTimerService", "GymTimerService\GymTimerService.csproj", "{AE76A536-DD10-4192-AFCE-E92FDB4DBC8C}"
EndProject
Global
	GlobalSection(SolutionConfigurationPlatforms) = preSolution
		Debug|Any CPU = Debug|Any CPU
		Release|Any CPU = Release|Any CPU
	EndGlobalSection
	GlobalSection(ProjectConfigurationPlatforms) = postSolution
		{4931FF03-5D8A-4BC0-9B52-F521D4172C57}.Debug|Any CPU.ActiveCfg = Debug|Any CPU
		{4931FF03-5D8A-4BC0-9B52-F521D4172C57}.Debug|Any CPU.Build.0 = Debug|Any CPU
		{4931FF03-5D8A-4BC0-9B52-F521D4172C57}.Debug|Any CPU.Deploy.0 = Debug|Any CPU
		{4931FF03-5D8A-4BC0-9B52-F521D4172C57}.Release|Any CPU.ActiveCfg = Release|Any CPU
		{4931FF03-5D8A-4BC0-9B52-F521D4172C57}.Release|Any CPU.Build.0 = Release|Any CPU
		{4931FF03-5D8A-4BC0-9B52-F521D4172C57}.Release|Any CPU.Deploy.0 = Release|Any CPU
		{AE76A536-DD10-4192-AFCE-E92FDB4DBC8C}.Debug|Any CPU.ActiveCfg = Debug|Any CPU
		{AE76A536-DD10-4192-AFCE-E92FDB4DBC8C}.Debug|Any CPU.Build.0 = Debug|Any CPU
		{AE76A536-DD10-4192-AFCE-E92FDB4DBC8C}.Release|Any CPU.ActiveCfg = Release|Any CPU
		{AE76A536-DD10-4192-AFCE-E92FDB4DBC8C}.Release|Any CPU.Build.0 = Release|Any CPU
	EndGlobalSection
	GlobalSection(SolutionProperties) = preSolution
		HideSolutionNode = FALSE
	EndGlobalSection
	GlobalSection(ExtensibilityGlobals) = postSolution
		SolutionGuid = {61F7FB11-1E47-470C-91E2-47F8143E1572}
	EndGlobalSection
EndGlobal
